{
  "requires": true,
  "lockfileVersion": 1,
  "dependencies": {
    "@angular/cdk": {
      "version": "13.3.2",
      "resolved": "https://registry.npmjs.org/@angular/cdk/-/cdk-13.3.2.tgz",
      "integrity": "sha512-Rb+SvQpjXqa0kedk/6nG57f8dC4uG1q35SR6mt6jCz84ikyS2zhikVbzaxLdG15uDvq1+N5Vx3NTSgH19XUSug==",
      "requires": {
        "parse5": "^5.0.0",
        "tslib": "^2.3.0"
      }
    },
    "@ant-design/colors": {
      "version": "5.1.1",
      "resolved": "https://registry.npmjs.org/@ant-design/colors/-/colors-5.1.1.tgz",
      "integrity": "sha512-Txy4KpHrp3q4XZdfgOBqLl+lkQIc3tEvHXOimRN1giX1AEC7mGtyrO9p8iRGJ3FLuVMGa2gNEzQyghVymLttKQ==",
      "requires": {
        "@ctrl/tinycolor": "^3.3.1"
      }
    },
    "@ant-design/icons-angular": {
      "version": "13.1.0",
      "resolved": "https://registry.npmjs.org/@ant-design/icons-angular/-/icons-angular-13.1.0.tgz",
      "integrity": "sha512-bQ1pxiDmR8Hx7kUwQImxLGAtexv0uDCCMlKSWdyaw39TnNAPz+Hls0XL+UqVIjHgt/D4R8tkmSMpx3eBGFIY/Q==",
      "requires": {
        "@ant-design/colors": "^5.0.0",
        "tslib": "^2.0.0"
      }
    },
    "@ctrl/tinycolor": {
      "version": "3.4.0",
      "resolved": "https://registry.npmjs.org/@ctrl/tinycolor/-/tinycolor-3.4.0.tgz",
      "integrity": "sha512-JZButFdZ1+/xAfpguQHoabIXkcqRRKpMrWKBkpEZZyxfY9C1DpADFB8PEqGSTeFr135SaTRfKqGKx5xSCLI7ZQ=="
    },
    "date-fns": {
      "version": "2.28.0",
      "resolved": "https://registry.npmjs.org/date-fns/-/date-fns-2.28.0.tgz",
      "integrity": "sha512-8d35hViGYx/QH0icHYCeLmsLmMUheMmTyV9Fcm6gvNwdw31yXXH+O85sOBJ+OLnLQMKZowvpKb6FgMIQjcpvQw=="
    },
    "ng-zorro-antd": {
      "version": "13.1.1",
      "resolved": "https://registry.npmjs.org/ng-zorro-antd/-/ng-zorro-antd-13.1.1.tgz",
      "integrity": "sha512-4haER9G+OlbAG66elL0lp/QO1jOKoyt79BVYw3bILDUSMBVWCe1UGKaIG47BCybLYFV0qcL8AiDuIGNLkddbjg==",
      "requires": {
        "@angular/cdk": "^13.0.1",
        "@ant-design/icons-angular": "^13.0.1",
        "date-fns": "^2.16.1",
        "tslib": "^2.3.0"
      }
    },
    "parse5": {
      "version": "5.1.1",
      "resolved": "https://registry.npmjs.org/parse5/-/parse5-5.1.1.tgz",
      "integrity": "sha512-ugq4DFI0Ptb+WWjAdOK16+u/nHfiIrcE+sh8kZMaM0WllQKLI9rOUq6c2b7cwPkXdzfQESqvoqK6ug7U/Yyzug==",
      "optional": true
    },
    "tslib": {
      "version": "2.3.1",
      "resolved": "https://registry.npmjs.org/tslib/-/tslib-2.3.1.tgz",
      "integrity": "sha512-77EbyPPpMz+FRFRuAFlWMtmgUWGe9UOG2Z25NqCwiIjRhOf5iKGuzSe5P2w1laq+FkRy4p+PCuVkJSGkzTEKVw=="
    }
  }
}
